{
  "requires": true,
  "lockfileVersion": 1,
  "dependencies": {
    "deepmerge": {
      "version": "4.2.2",
      "resolved": "https://registry.npmjs.org/deepmerge/-/deepmerge-4.2.2.tgz",
      "integrity": "sha512-FJ3UgI4gIl+PHZm53knsuSFpE+nESMr7M4v9QcgB7S63Kj/6WqMiFQJpBBYz1Pt+66bZpP3Q7Lye0Oo9MPKEdg=="
    },
    "vue-meta": {
      "version": "2.4.0",
      "resolved": "https://registry.npmjs.org/vue-meta/-/vue-meta-2.4.0.tgz",
      "integrity": "sha512-XEeZUmlVeODclAjCNpWDnjgw+t3WA6gdzs6ENoIAgwO1J1d5p1tezDhtteLUFwcaQaTtayRrsx7GL6oXp/m2Jw==",
      "requires": {
        "deepmerge": "^4.2.2"
      }
    }
  }
}
